# Generated by conda-lock.
# platform: linux-64
# input_hash: f39818e6d40ae74f20d1d9b6d0f63423ef63d294eb3d48431b7816a2a42bea1c
@EXPLICIT
https://conda.anaconda.org/conda-forge/linux-64/_libgcc_mutex-0.1-conda_forge.tar.bz2#d7c89558ba9fa0495403155b64376d81
https://conda.anaconda.org/conda-forge/noarch/python_abi-3.12-7_cp312.conda#0dfcdc155cf23812a0c9deada86fb723
https://conda.anaconda.org/conda-forge/noarch/tzdata-2025b-h78e105d_0.conda#4222072737ccff51314b5ece9c7d6f5a
https://conda.anaconda.org/conda-forge/noarch/ca-certificates-2025.4.26-hbd8a1cb_0.conda#95db94f75ba080a22eb623590993167b
https://conda.anaconda.org/conda-forge/linux-64/ld_impl_linux-64-2.43-h712a8e2_4.conda#01f8d123c96816249efd255a31ad7712
https://conda.anaconda.org/conda-forge/linux-64/libgomp-14.2.0-h767d61c_2.conda#06d02030237f4d5b3d9a7e7d348fe3c6
https://conda.anaconda.org/conda-forge/linux-64/_openmp_mutex-4.5-2_gnu.tar.bz2#73aaf86a425cc6e73fcf236a5a46396d
https://conda.anaconda.org/conda-forge/linux-64/libgcc-14.2.0-h767d61c_2.conda#ef504d1acbd74b7cc6849ef8af47dd03
https://conda.anaconda.org/conda-forge/linux-64/c-ares-1.34.5-hb9d3cd8_0.conda#f7f0d6cc2dc986d42ac2689ec88192be
https://conda.anaconda.org/conda-forge/linux-64/json-c-0.18-h6688a6e_0.conda#38f5dbc9ac808e31c00650f7be1db93f
https://conda.anaconda.org/conda-forge/linux-64/libdeflate-1.23-h86f0d12_0.conda#27fe770decaf469a53f3e3a6d593067f
https://conda.anaconda.org/conda-forge/linux-64/libexpat-2.7.0-h5888daf_0.conda#db0bfbe7dd197b68ad5f30333bae6ce0
https://conda.anaconda.org/conda-forge/linux-64/libffi-3.4.6-h2dba641_1.conda#ede4673863426c0883c0063d853bbd85
https://conda.anaconda.org/conda-forge/linux-64/libgcc-ng-14.2.0-h69a702a_2.conda#a2222a6ada71fb478682efe483ce0f92
https://conda.anaconda.org/conda-forge/linux-64/libgfortran5-14.2.0-hf1ad2bd_2.conda#556a4fdfac7287d349b8f09aba899693
https://conda.anaconda.org/conda-forge/linux-64/libiconv-1.18-h4ce23a2_1.conda#e796ff8ddc598affdf7c173d6145f087
https://conda.anaconda.org/conda-forge/linux-64/libjpeg-turbo-3.1.0-hb9d3cd8_0.conda#9fa334557db9f63da6c9285fd2a48638
https://conda.anaconda.org/conda-forge/linux-64/liblzma-5.8.1-hb9d3cd8_0.conda#0e87378639676987af32fee53ba32258
https://conda.anaconda.org/conda-forge/linux-64/libstdcxx-14.2.0-h8f9b012_2.conda#a78c856b6dc6bf4ea8daeb9beaaa3fb0
https://conda.anaconda.org/conda-forge/linux-64/libwebp-base-1.5.0-h851e524_0.conda#63f790534398730f59e1b899c3644d4a
https://conda.anaconda.org/conda-forge/linux-64/libzlib-1.3.1-hb9d3cd8_2.conda#edb0dca6bc32e4f4789199455a1dbeb8
https://conda.anaconda.org/conda-forge/linux-64/ncurses-6.5-h2d0b736_3.conda#47e340acb35de30501a76c7c799c41d7
https://conda.anaconda.org/conda-forge/linux-64/openssl-3.5.0-h7b32b05_0.conda#bb539841f2a3fde210f387d00ed4bb9d
https://conda.anaconda.org/conda-forge/linux-64/bzip2-1.0.8-h4bc722e_7.conda#62ee74e96c5ebb0af99386de58cf9553
https://conda.anaconda.org/conda-forge/linux-64/geos-3.13.1-h97f6797_0.conda#5bc18c66111bc94532b0d2df00731c66
https://conda.anaconda.org/conda-forge/linux-64/giflib-5.2.2-hd590300_0.conda#3bf7b9fd5a7136126e0234db4b87c8b6
https://conda.anaconda.org/conda-forge/linux-64/keyutils-1.6.1-h166bdaf_0.tar.bz2#30186d27e2c9fa62b45fb1476b7200e3
https://conda.anaconda.org/conda-forge/linux-64/lerc-4.0.0-h0aef613_1.conda#9344155d33912347b37f0ae6c410a835
https://conda.anaconda.org/conda-forge/linux-64/libedit-3.1.20250104-pl5321h7949ede_0.conda#c277e0a4d549b03ac1e9d6cbbe3d017b
https://conda.anaconda.org/conda-forge/linux-64/libev-4.33-hd590300_2.conda#172bf1cd1ff8629f2b1179945ed45055
https://conda.anaconda.org/conda-forge/linux-64/libgfortran-14.2.0-h69a702a_2.conda#fb54c4ea68b460c278d26eea89cfbcc3
https://conda.anaconda.org/conda-forge/linux-64/libnsl-2.0.1-hd590300_0.conda#30fd6e37fe21f86f4bd26d6ee73eeec7
https://conda.anaconda.org/conda-forge/linux-64/libpng-1.6.47-h943b412_0.conda#55199e2ae2c3651f6f9b2a447b47bdc9
https://conda.anaconda.org/conda-forge/linux-64/libsqlite-3.49.1-hee588c1_2.conda#962d6ac93c30b1dfc54c9cccafd1003e
https://conda.anaconda.org/conda-forge/linux-64/libssh2-1.11.1-hcf80075_0.conda#eecce068c7e4eddeb169591baac20ac4
https://conda.anaconda.org/conda-forge/linux-64/libstdcxx-ng-14.2.0-h4852527_2.conda#c75da67f045c2627f59e6fcb5f4e3a9b
https://conda.anaconda.org/conda-forge/linux-64/libuuid-2.38.1-h0b41bf4_0.conda#40b61aab5c7ba9ff276c41cfffe6b80b
https://conda.anaconda.org/conda-forge/linux-64/libxcrypt-4.4.36-hd590300_1.conda#5aa797f8787fe7a17d1b0821485b5adc
https://conda.anaconda.org/conda-forge/linux-64/lz4-c-1.10.0-h5888daf_1.conda#9de5350a85c4a20c685259b889aa6393
https://conda.anaconda.org/conda-forge/linux-64/lzo-2.10-hd590300_1001.conda#ec7398d21e2651e0dcb0044d03b9a339
https://conda.anaconda.org/conda-forge/linux-64/readline-8.2-h8c095d6_2.conda#283b96675859b20a825f8fa30f311446
https://conda.anaconda.org/conda-forge/linux-64/snappy-1.2.1-h8bd8927_1.conda#3b3e64af585eadfb52bb90b553db5edf
https://conda.anaconda.org/conda-forge/linux-64/tk-8.6.13-noxft_h4845f30_101.conda#d453b98d9c83e71da0741bb0ff4d76bc
https://conda.anaconda.org/conda-forge/linux-64/zlib-1.3.1-hb9d3cd8_2.conda#c9f075ab2f33b3bbee9e62d4ad0a6cd8
https://conda.anaconda.org/conda-forge/linux-64/zstd-1.5.7-hb8e6e7a_2.conda#6432cb5d4ac0046c3ac0a8a0f95842f9
https://conda.anaconda.org/conda-forge/linux-64/blosc-1.21.6-he440d0b_1.conda#2c2fae981fd2afd00812c92ac47d023d
https://conda.anaconda.org/conda-forge/linux-64/icu-75.1-he02047a_0.conda#8b189310083baabfb622af68fd9d3ae3
https://conda.anaconda.org/conda-forge/linux-64/krb5-1.21.3-h659f571_0.conda#3f43953b7d3fb3aaa1d0d0723d91e368
https://conda.anaconda.org/conda-forge/linux-64/libnghttp2-1.64.0-h161d5f1_0.conda#19e57602824042dfd0446292ef90488b
https://conda.anaconda.org/conda-forge/linux-64/libopenblas-0.3.29-pthreads_h94d23a6_0.conda#0a4d0252248ef9a0f88f2ba8b8a08e12
https://conda.anaconda.org/conda-forge/linux-64/librttopo-1.1.0-hd718a1a_18.conda#4f40dea96ff9935e7bd48893c24891b9
https://conda.anaconda.org/conda-forge/linux-64/libtiff-4.7.0-hd9ff511_4.conda#6c1028898cf3a2032d9af46689e1b81a
https://conda.anaconda.org/conda-forge/linux-64/minizip-4.0.9-h05a5f5f_0.conda#d031ed0497634655765d636329bb4c20
https://conda.anaconda.org/conda-forge/linux-64/pcre2-10.44-hc749103_2.conda#31614c73d7b103ef76faa4d83d261d34
https://conda.anaconda.org/conda-forge/linux-64/python-3.12.10-h9e4cc4f_0_cpython.conda#a41d26cd4d47092d683915d058380dec
https://conda.anaconda.org/conda-forge/linux-64/sqlite-3.49.1-h9eae976_2.conda#1894a9d3a8c3ffa53f8ca09fcd2fac25
https://conda.anaconda.org/conda-forge/linux-64/uriparser-0.9.8-hac33072_0.conda#d71d3a66528853c0a1ac2c02d79a0284
https://conda.anaconda.org/conda-forge/noarch/aiohappyeyeballs-2.6.1-pyhd8ed1ab_0.conda#18fd895e0e775622906cdabfc3cf0fb4
https://conda.anaconda.org/conda-forge/noarch/attrs-25.3.0-pyh71513ae_0.conda#a10d11958cadc13fdb43df75f8b1903f
https://conda.anaconda.org/conda-forge/linux-64/brotli-python-1.1.0-py312h2ec8cdc_2.conda#b0b867af6fc74b2a0aa206da29c0f3cf
https://conda.anaconda.org/conda-forge/linux-64/freexl-2.0.0-h9dce30a_2.conda#ecb5d11305b8ba1801543002e69d2f2f
https://conda.anaconda.org/conda-forge/linux-64/frozenlist-1.5.0-py312h178313f_1.conda#fb986e1c089021979dc79606af78ef8f
https://conda.anaconda.org/conda-forge/noarch/fsspec-2025.3.2-pyhd8ed1ab_0.conda#9c40692c3d24c7aaf335f673ac09d308
https://conda.anaconda.org/conda-forge/noarch/hpack-4.1.0-pyhd8ed1ab_0.conda#0a802cb9888dd14eeefc611f05c40b6e
https://conda.anaconda.org/conda-forge/noarch/hyperframe-6.1.0-pyhd8ed1ab_0.conda#8e6923fc12f1fe8f8c4e5c9f343256ac
https://conda.anaconda.org/conda-forge/noarch/idna-3.10-pyhd8ed1ab_1.conda#39a4f67be3286c86d696df570b1201b7
https://conda.anaconda.org/conda-forge/noarch/jmespath-1.0.1-pyhd8ed1ab_1.conda#972bdca8f30147135f951847b30399ea
https://conda.anaconda.org/conda-forge/linux-64/libblas-3.9.0-31_h59b9bed_openblas.conda#728dbebd0f7a20337218beacffd37916
https://conda.anaconda.org/conda-forge/linux-64/libcurl-8.13.0-h332b0f4_0.conda#cbdc92ac0d93fe3c796e36ad65c7905c
https://conda.anaconda.org/conda-forge/linux-64/libkml-1.3.0-hf539b9f_1021.conda#e8c7620cc49de0c6a2349b6dd6e39beb
https://conda.anaconda.org/conda-forge/linux-64/libxml2-2.13.7-h4bc477f_1.conda#ad1f1f8238834cd3c88ceeaee8da444a
https://conda.anaconda.org/conda-forge/linux-64/multidict-6.4.3-py312h178313f_0.conda#66aedbb7674e9a26c51e86478a54cb7c
https://conda.anaconda.org/conda-forge/linux-64/propcache-0.3.1-py312h178313f_0.conda#0cf580c1b73146bb9ff1bbdb4d4c8cf9
https://conda.anaconda.org/conda-forge/noarch/pycparser-2.22-pyh29332c3_1.conda#12c566707c80111f9799308d9e265aef
https://conda.anaconda.org/conda-forge/noarch/pysocks-1.7.1-pyha55dd90_7.conda#461219d1a5bd61342293efa2c0c90eac
https://conda.anaconda.org/conda-forge/linux-64/simplejson-3.20.1-py312h66e93f0_0.conda#d1c95aa4908e88bd4216f04b6bb7e297
https://conda.anaconda.org/conda-forge/noarch/six-1.17.0-pyhd8ed1ab_0.conda#a451d576819089b0d672f18768be0f65
https://conda.anaconda.org/conda-forge/noarch/typing_extensions-4.13.2-pyh29332c3_0.conda#83fc6ae00127671e301c9f44254c31b8
https://conda.anaconda.org/conda-forge/linux-64/wrapt-1.17.2-py312h66e93f0_0.conda#669e63af87710f8d52fdec9d4d63b404
https://conda.anaconda.org/conda-forge/linux-64/xerces-c-3.2.5-h988505b_2.conda#9dda9667feba914e0e80b95b82f7402b
https://conda.anaconda.org/conda-forge/noarch/aioitertools-0.12.0-pyhd8ed1ab_1.conda#3eb47adbffac44483f59e580f8600a1e
https://conda.anaconda.org/conda-forge/noarch/aiosignal-1.3.2-pyhd8ed1ab_0.conda#1a3981115a398535dbe3f6d5faae3d36
https://conda.anaconda.org/conda-forge/linux-64/awslambdaric-2.2.0-py312hca68cad_0.conda#f2c87d6a5b21b95c550efb1c6e0ad9f7
https://conda.anaconda.org/conda-forge/linux-64/cffi-1.17.1-py312h06ac9bb_0.conda#a861504bbea4161a9170b85d4d2be840
https://conda.anaconda.org/conda-forge/noarch/h2-4.2.0-pyhd8ed1ab_0.conda#b4754fb1bdcb70c8fd54f918301582c6
https://conda.anaconda.org/conda-forge/linux-64/libarchive-3.7.7-h75ea233_4.conda#b80309616f188ac77c4740acba40f796
https://conda.anaconda.org/conda-forge/linux-64/libcblas-3.9.0-31_he106b2a_openblas.conda#abb32c727da370c481a1c206f5159ce9
https://conda.anaconda.org/conda-forge/linux-64/liblapack-3.9.0-31_h7ac8fdf_openblas.conda#452b98eafe050ecff932f0ec832dd03f
https://conda.anaconda.org/conda-forge/linux-64/proj-9.6.0-h0054346_1.conda#a3547a9c204da804d8ef9c40c7ac0b84
https://conda.anaconda.org/conda-forge/noarch/python-dateutil-2.9.0.post0-pyhff2d567_1.conda#5ba79d7c71f03c678c8ead841f347d6e
https://conda.anaconda.org/conda-forge/linux-64/yarl-1.20.0-py312h178313f_0.conda#d5294c1a9a77309a5ac10b0f8d483b18
https://conda.anaconda.org/conda-forge/linux-64/aiohttp-3.11.18-py312h178313f_0.conda#9cd6194416fb615890ffa1496b1b9ccc
https://conda.anaconda.org/conda-forge/linux-64/geotiff-1.7.4-h239500f_2.conda#b0c42bce162a38b1aa2f6dfb5c412bc4
https://conda.anaconda.org/conda-forge/linux-64/libspatialite-5.1.0-he17ca71_14.conda#d010b5907ed39fdb93eb6180ab925115
https://conda.anaconda.org/conda-forge/linux-64/numpy-2.2.5-py312h72c5963_0.conda#505bcfc142b97010c162863c38d90016
https://conda.anaconda.org/conda-forge/linux-64/zstandard-0.23.0-py312h66e93f0_2.conda#630db208bc7bbb96725ce9832c7423bb
https://conda.anaconda.org/conda-forge/linux-64/libgdal-core-3.10.3-hab2de9c_4.conda#083c7e35ed02346bf116b0754d35b506
https://conda.anaconda.org/conda-forge/noarch/urllib3-2.4.0-pyhd8ed1ab_0.conda#c1e349028e0052c4eea844e94f773065
https://conda.anaconda.org/conda-forge/noarch/botocore-1.37.1-pyge310_1234567_0.conda#8c3c37279f889ee8507d43ab70558b6a
https://conda.anaconda.org/conda-forge/linux-64/gdal-3.10.3-py312h546fd74_4.conda#7c0d3ade315a37f9c2ec6d3e3187dc7d
https://conda.anaconda.org/conda-forge/noarch/aiobotocore-2.21.1-pyhd8ed1ab_0.conda#843cfdc4c1222b19d6fd18c4a51c660e
https://conda.anaconda.org/conda-forge/noarch/s3fs-2025.3.2-pyhd8ed1ab_0.conda#9955d80d9d42a6fcd533e85d617b124b
