# Generated by conda-lock.
# platform: linux-aarch64
# input_hash: b6ecd5edbf3b1ae4df55cb9c00b5a0bdf892ac293b2c5abea53e5623b24e6aa9
@EXPLICIT
https://conda.anaconda.org/conda-forge/linux-aarch64/ca-certificates-2024.8.30-hcefe29a_0.conda#70e57e8f59d2c98f86b49c69e5074be5
https://conda.anaconda.org/conda-forge/noarch/font-ttf-dejavu-sans-mono-2.37-hab24e00_0.tar.bz2#0c96522c6bdaed4b1566d11387caaf45
https://conda.anaconda.org/conda-forge/noarch/font-ttf-inconsolata-3.000-h77eed37_0.tar.bz2#34893075a5c9e55cdafac56607368fc6
https://conda.anaconda.org/conda-forge/noarch/font-ttf-source-code-pro-2.038-h77eed37_0.tar.bz2#4d59c254e01d9cde7957100457e2d5fb
https://conda.anaconda.org/conda-forge/noarch/font-ttf-ubuntu-0.83-h77eed37_3.conda#49023d73832ef61042f6a237cb2687e7
https://conda.anaconda.org/conda-forge/linux-aarch64/ld_impl_linux-aarch64-2.43-h80caac9_2.conda#fcbde5ea19d55468953bf588770c0501
https://conda.anaconda.org/conda-forge/linux-aarch64/libgomp-14.2.0-he277a41_1.conda#376f0e73abbda6d23c0cb749adc195ef
https://conda.anaconda.org/conda-forge/noarch/poppler-data-0.4.12-hd8ed1ab_0.conda#d8d7293c5b37f39b2ac32940621c6592
https://conda.anaconda.org/conda-forge/linux-aarch64/python_abi-3.12-5_cp312.conda#62b20f305498284a07dc6c45fd0e5c87
https://conda.anaconda.org/conda-forge/noarch/tzdata-2024b-hc8b5060_0.conda#8ac3367aafb1cc0a068483c580af8015
https://conda.anaconda.org/conda-forge/linux-aarch64/_openmp_mutex-4.5-2_gnu.tar.bz2#6168d71addc746e8f2b8d57dfd2edcea
https://conda.anaconda.org/conda-forge/noarch/fonts-conda-forge-1-0.tar.bz2#f766549260d6815b0c52253f1fb1bb29
https://conda.anaconda.org/conda-forge/noarch/fonts-conda-ecosystem-1-0.tar.bz2#fee5683a3f04bd15cbd8318b096a27ab
https://conda.anaconda.org/conda-forge/linux-aarch64/libgcc-14.2.0-he277a41_1.conda#511b511c5445e324066c3377481bcab8
https://conda.anaconda.org/conda-forge/linux-aarch64/aws-c-common-0.10.3-h86ecc28_0.conda#64f523ba00b75fdcb33a4eea827d3d19
https://conda.anaconda.org/conda-forge/linux-aarch64/c-ares-1.34.3-ha64f414_0.conda#fb47a36e80869a6580454a8606b78619
https://conda.anaconda.org/conda-forge/linux-aarch64/json-c-0.18-hd4cd8d4_0.conda#9c23430bcadd724434a88657abbeef46
https://conda.anaconda.org/conda-forge/linux-aarch64/libbrotlicommon-1.1.0-h86ecc28_2.conda#3ee026955c688f551a9999840cff4c67
https://conda.anaconda.org/conda-forge/linux-aarch64/libdeflate-1.22-h86ecc28_0.conda#ff6a44e8b1707d02be2fe9a36ea88d4a
https://conda.anaconda.org/conda-forge/linux-aarch64/libexpat-2.6.4-h5ad3122_0.conda#f1b3fab36861b3ce945a13f0dfdfc688
https://conda.anaconda.org/conda-forge/linux-aarch64/libgcc-ng-14.2.0-he9431aa_1.conda#0694c249c61469f2c0f7e2990782af21
https://conda.anaconda.org/conda-forge/linux-aarch64/libgfortran5-14.2.0-hb6113d0_1.conda#fc068e11b10e18f184e027782baa12b6
https://conda.anaconda.org/conda-forge/linux-aarch64/libstdcxx-14.2.0-h3f4de04_1.conda#37f489acd39e22b623d2d1e5ac6d195c
https://conda.anaconda.org/conda-forge/linux-aarch64/libzlib-1.3.1-h86ecc28_2.conda#08aad7cbe9f5a6b460d0976076b6ae64
https://conda.anaconda.org/conda-forge/linux-aarch64/openssl-3.4.0-h86ecc28_0.conda#b2f202b5bddafac824eb610b65dde98f
https://conda.anaconda.org/conda-forge/linux-aarch64/pthread-stubs-0.4-h86ecc28_1002.conda#bb5a90c93e3bac3d5690acf76b4a6386
https://conda.anaconda.org/conda-forge/linux-aarch64/tzcode-2024b-h86ecc28_0.conda#90638c890912ee99073cc8913337e13c
https://conda.anaconda.org/conda-forge/linux-aarch64/xorg-libice-1.1.1-h57736b2_1.conda#99a9c8245a1cc6dacd292ffeca39425f
https://conda.anaconda.org/conda-forge/linux-aarch64/xorg-libxau-1.0.11-h86ecc28_1.conda#c5f72a733c461aa7785518d29b997cc8
https://conda.anaconda.org/conda-forge/linux-aarch64/xorg-libxdmcp-1.1.5-h57736b2_0.conda#25a5a7b797fe6e084e04ffe2db02fc62
https://conda.anaconda.org/conda-forge/linux-aarch64/xorg-xorgproto-2024.1-h86ecc28_1.conda#91cef7867bf2b47f614597b59705ff56
https://conda.anaconda.org/conda-forge/linux-aarch64/aws-c-cal-0.8.0-h35473ba_2.conda#48dc0b3576513622673d3f5f3d163b62
https://conda.anaconda.org/conda-forge/linux-aarch64/aws-c-compression-0.3.0-h4c7db1d_2.conda#ee074857cec335bb83692771b06160a4
https://conda.anaconda.org/conda-forge/linux-aarch64/aws-c-sdkutils-0.2.1-h4c7db1d_1.conda#45437a9bad358b25f795e77218063baf
https://conda.anaconda.org/conda-forge/linux-aarch64/aws-checksums-0.2.2-h4c7db1d_1.conda#af22e7e1c1af348a66f938aa66192f2c
https://conda.anaconda.org/conda-forge/linux-aarch64/bzip2-1.0.8-h68df207_7.conda#56398c28220513b9ea13d7b450acfb20
https://conda.anaconda.org/conda-forge/linux-aarch64/capnproto-1.0.2-h23cc76c_3.conda#66753ecef930bd1125165a2b83d10f13
https://conda.anaconda.org/conda-forge/linux-aarch64/dav1d-1.2.1-h31becfc_0.conda#6e5a87182d66b2d1328a96b61ca43a62
https://conda.anaconda.org/conda-forge/linux-aarch64/geos-3.13.0-h5ad3122_0.conda#7e15d067b9fa7cfd65e9a38ecdfbecad
https://conda.anaconda.org/conda-forge/linux-aarch64/giflib-5.2.2-h31becfc_0.conda#2f809afaf0ba1ea4135dce158169efac
https://conda.anaconda.org/conda-forge/linux-aarch64/keyutils-1.6.1-h4e544f5_0.tar.bz2#1f24853e59c68892452ef94ddd8afd4b
https://conda.anaconda.org/conda-forge/linux-aarch64/libabseil-20240722.0-cxx17_h5ad3122_1.conda#6fe6b3694c4792a8e26755d3b06f0b80
https://conda.anaconda.org/conda-forge/linux-aarch64/libbrotlidec-1.1.0-h86ecc28_2.conda#e64d0f3b59c7c4047446b97a8624a72d
https://conda.anaconda.org/conda-forge/linux-aarch64/libbrotlienc-1.1.0-h86ecc28_2.conda#0e9bd365480c72b25c71a448257b537d
https://conda.anaconda.org/conda-forge/linux-aarch64/libev-4.33-h31becfc_2.conda#a9a13cb143bbaa477b1ebaefbe47a302
https://conda.anaconda.org/conda-forge/linux-aarch64/libffi-3.4.2-h3557bc0_5.tar.bz2#dddd85f4d52121fab0a8b099c5e06501
https://conda.anaconda.org/conda-forge/linux-aarch64/libgfortran-14.2.0-he9431aa_1.conda#0294b92d2f47a240bebb1e3336b495f1
https://conda.anaconda.org/conda-forge/linux-aarch64/libiconv-1.17-h31becfc_2.conda#9a8eb13f14de7d761555a98712e6df65
https://conda.anaconda.org/conda-forge/linux-aarch64/libjpeg-turbo-3.0.0-h31becfc_1.conda#ed24e702928be089d9ba3f05618515c6
https://conda.anaconda.org/conda-forge/linux-aarch64/libnsl-2.0.1-h31becfc_0.conda#c14f32510f694e3185704d89967ec422
https://conda.anaconda.org/conda-forge/linux-aarch64/libntlm-1.4-hf897c2e_1002.tar.bz2#835c7c4137821de5c309f4266a51ba89
https://conda.anaconda.org/conda-forge/linux-aarch64/libpng-1.6.44-hc4a20ef_0.conda#5d25802b25fcc7419fa13e21affaeb3a
https://conda.anaconda.org/conda-forge/linux-aarch64/libsqlite-3.47.0-hc4a20ef_1.conda#a6b185aac10d08028340858f77231b23
https://conda.anaconda.org/conda-forge/linux-aarch64/libssh2-1.11.0-h492db2e_0.conda#45532845e121677ad328c9af9953f161
https://conda.anaconda.org/conda-forge/linux-aarch64/libstdcxx-ng-14.2.0-hf1166c9_1.conda#0e75771b8a03afae5a2c6ce71bc733f5
https://conda.anaconda.org/conda-forge/linux-aarch64/libuuid-2.38.1-hb4cce97_0.conda#000e30b09db0b7c775b21695dff30969
https://conda.anaconda.org/conda-forge/linux-aarch64/libwebp-base-1.4.0-h31becfc_0.conda#5fd7ab3e5f382c70607fbac6335e6e19
https://conda.anaconda.org/conda-forge/linux-aarch64/libxcb-1.17.0-h262b8f6_0.conda#cd14ee5cca2464a425b1dbfc24d90db2
https://conda.anaconda.org/conda-forge/linux-aarch64/libxcrypt-4.4.36-h31becfc_1.conda#b4df5d7d4b63579d081fd3a4cf99740e
https://conda.anaconda.org/conda-forge/linux-aarch64/lzo-2.10-h31becfc_1001.conda#004025fe20a11090e0b02154f413a758
https://conda.anaconda.org/conda-forge/linux-aarch64/ncurses-6.5-hcccb83c_1.conda#91d49c85cacd92caa40cf375ef72a25d
https://conda.anaconda.org/conda-forge/linux-aarch64/nspr-4.36-h5ad3122_0.conda#6170d131ea39ca6e8f6695507c9d3388
https://conda.anaconda.org/conda-forge/linux-aarch64/rav1e-0.6.6-h1d8f897_2.conda#12c850a42b1ad1ed46a284a93959ee6a
https://conda.anaconda.org/conda-forge/linux-aarch64/s2n-1.5.9-h636ded1_0.conda#bf4f84136d9ddb7be1855754a9ac4bb9
https://conda.anaconda.org/conda-forge/linux-aarch64/svt-av1-2.3.0-h5ad3122_0.conda#efb60b536bbf64772929b57f6b30298b
https://conda.anaconda.org/conda-forge/linux-aarch64/tk-8.6.13-h194ca79_0.conda#f75105e0585851f818e0009dd1dde4dc
https://conda.anaconda.org/conda-forge/linux-aarch64/xz-5.2.6-h9cdd2b7_0.tar.bz2#83baad393a31d59c20b63ba4da6592df
https://conda.anaconda.org/conda-forge/linux-aarch64/zlib-1.3.1-h86ecc28_2.conda#bc230abb5d21b63ff4799b0e75204783
https://conda.anaconda.org/conda-forge/linux-aarch64/aom-3.9.1-hcccb83c_0.conda#cc744ac4efe5bcaa8cca51ff5b850df0
https://conda.anaconda.org/conda-forge/linux-aarch64/aws-c-io-0.15.2-h10eb1bc_2.conda#7cdf478bb4feae1a93319f6e3381b8a9
https://conda.anaconda.org/conda-forge/linux-aarch64/brotli-bin-1.1.0-h86ecc28_2.conda#7d48b185fe1f722f8cda4539bb931f85
https://conda.anaconda.org/conda-forge/linux-aarch64/fmt-11.0.2-h70be974_0.conda#32feda3daf08ff832cf9d55bab2432d6
https://conda.anaconda.org/conda-forge/linux-aarch64/freetype-2.12.1-hf0a5ef3_2.conda#a5ab74c5bd158c3d5532b66d8d83d907
https://conda.anaconda.org/conda-forge/linux-aarch64/hdf4-4.2.15-hb6ba311_7.conda#e1b6676b77b9690d07ea25de48aed97e
https://conda.anaconda.org/conda-forge/linux-aarch64/icu-75.1-hf9b3779_0.conda#268203e8b983fddb6412b36f2024e75c
https://conda.anaconda.org/conda-forge/linux-aarch64/lerc-4.0.0-h4de3ea5_0.tar.bz2#1a0ffc65e03ce81559dbcb0695ad1476
https://conda.anaconda.org/conda-forge/linux-aarch64/libaec-1.1.3-h2f0025b_0.conda#e52c4a30901a90354855e40992af907d
https://conda.anaconda.org/conda-forge/linux-aarch64/libcrc32c-1.1.2-h01db608_0.tar.bz2#268ee639c17ada0002fb04dd21816cc2
https://conda.anaconda.org/conda-forge/linux-aarch64/libde265-1.0.15-h2a328a1_0.conda#c5417cadddd73ace53e7152d8265f16a
https://conda.anaconda.org/conda-forge/linux-aarch64/libedit-3.1.20191231-he28a2e2_2.tar.bz2#29371161d77933a54fccf1bb66b96529
https://conda.anaconda.org/conda-forge/linux-aarch64/libgfortran-ng-14.2.0-he9431aa_1.conda#5e90005d310d69708ba0aa7f4fed1de6
https://conda.anaconda.org/conda-forge/linux-aarch64/libnghttp2-1.64.0-hc8609a4_0.conda#f52c614fa214a8bedece9421c771670d
https://conda.anaconda.org/conda-forge/linux-aarch64/libopenblas-0.3.28-pthreads_h9d3fd7e_1.conda#e8dde93dd199da3c1f2c1fcfd0042cd4
https://conda.anaconda.org/conda-forge/linux-aarch64/libprotobuf-5.28.2-h029595c_0.conda#538dbe0ad9f248e2e109abb9b6809ea5
https://conda.anaconda.org/conda-forge/linux-aarch64/libre2-11-2024.07.02-h18dbdb1_1.conda#f1800796b0efc4bbc5b001d845545111
https://conda.anaconda.org/conda-forge/linux-aarch64/librttopo-1.1.0-hbcf326e_17.conda#c334c7b1cf56a219ed151d8cefc904c8
https://conda.anaconda.org/conda-forge/linux-aarch64/libzip-1.11.2-h3e8f909_0.conda#faf7adbb1938c4aa7a312f110f46859b
https://conda.anaconda.org/conda-forge/linux-aarch64/lz4-c-1.9.4-hd600fc2_0.conda#500145a83ed07ce79c8cef24252f366b
https://conda.anaconda.org/conda-forge/linux-aarch64/nss-3.106-hcffee33_0.conda#e132b0f4cec9a1476c5c4da3722fc124
https://conda.anaconda.org/conda-forge/linux-aarch64/pcre2-10.44-h070dd5b_2.conda#94022de9682cb1a0bb18a99cbc3541b3
https://conda.anaconda.org/conda-forge/linux-aarch64/pixman-0.43.4-h2f0025b_0.conda#81b2ddea4b0eca188da9c5a7aa4b0cff
https://conda.anaconda.org/conda-forge/linux-aarch64/qhull-2020.2-h70be974_5.conda#bb138086d938e2b64f5f364945793ebf
https://conda.anaconda.org/conda-forge/linux-aarch64/readline-8.2-h8fc344f_1.conda#105eb1e16bf83bfb2eb380a48032b655
https://conda.anaconda.org/conda-forge/linux-aarch64/snappy-1.2.1-h1088aeb_0.conda#e4ed5b015f525b56f95c26d85a4ea208
https://conda.anaconda.org/conda-forge/linux-aarch64/uriparser-0.9.8-h0a1ffab_0.conda#7e9a7e1e1e9d6e827d2cfda21c22853e
https://conda.anaconda.org/conda-forge/linux-aarch64/x265-3.5-hdd96247_3.tar.bz2#786853760099c74a1d4f0da98dd67aea
https://conda.anaconda.org/conda-forge/linux-aarch64/xorg-libsm-1.2.4-hbac51e1_1.conda#18655ac9fc6624db89b33a89fed51c5f
https://conda.anaconda.org/conda-forge/linux-aarch64/xorg-libx11-1.8.9-he755bbd_2.conda#7acc45f80415e6ec352b729105dc0375
https://conda.anaconda.org/conda-forge/linux-aarch64/zstd-1.5.6-h02f22dd_0.conda#be8d5f8cf21aed237b8b182ea86b3dd6
https://conda.anaconda.org/conda-forge/linux-aarch64/aws-c-event-stream-0.5.0-h9bacb8c_7.conda#694020125b66632d6577456d2d9d3c74
https://conda.anaconda.org/conda-forge/linux-aarch64/aws-c-http-0.9.1-hf4e072c_2.conda#fddc197912c16cb95276077f6c7917c5
https://conda.anaconda.org/conda-forge/linux-aarch64/blosc-1.21.6-hd2997c2_0.conda#7e34841d8b76a87cb9ed5b2028f0f37f
https://conda.anaconda.org/conda-forge/linux-aarch64/brotli-1.1.0-h86ecc28_2.conda#5094acc34eb173f74205c0b55f0dd4a4
https://conda.anaconda.org/conda-forge/linux-aarch64/fontconfig-2.15.0-h8dda3cd_1.conda#112b71b6af28b47c624bcbeefeea685b
https://conda.anaconda.org/conda-forge/linux-aarch64/krb5-1.21.3-h50a48e9_0.conda#29c10432a2ca1472b53f299ffb2ffa37
https://conda.anaconda.org/conda-forge/linux-aarch64/libavif16-1.1.1-h3b0c220_2.conda#58ec6027e7b6ea460a4a7ed7112842d8
https://conda.anaconda.org/conda-forge/linux-aarch64/libblas-3.9.0-25_linuxaarch64_openblas.conda#f9b8a4a955ed2d0b68b1f453abcc1c9e
https://conda.anaconda.org/conda-forge/linux-aarch64/libglib-2.82.2-hc486b8e_0.conda#47f6d85fe47b865e56c539f2ba5f4dad
https://conda.anaconda.org/conda-forge/linux-aarch64/libkml-1.3.0-h62bc5a7_1021.conda#dfa83014442562a942f78942a259d07e
https://conda.anaconda.org/conda-forge/linux-aarch64/libtiff-4.7.0-hec21d91_1.conda#1f80061f5ba6956fcdc381f34618cd8d
https://conda.anaconda.org/conda-forge/linux-aarch64/libxml2-2.13.5-hf4efe5d_0.conda#5650ac8a6ed680c032bdabe40ad19ee0
https://conda.anaconda.org/conda-forge/linux-aarch64/minizip-4.0.7-h77a9e90_0.conda#7c8cd307bc5c00bdba33e1c11685b3b4
https://conda.anaconda.org/conda-forge/linux-aarch64/python-3.12.7-h5d932e8_0_cpython.conda#e6cab21bb5787270388939cf41cc5f43
https://conda.anaconda.org/conda-forge/linux-aarch64/re2-2024.07.02-h2d3a13d_1.conda#83f4e47229834c895a92c18383e1cd9d
https://conda.anaconda.org/conda-forge/linux-aarch64/spdlog-1.14.1-h9d9cc24_1.conda#771630cc938de801e261c3a069d22a68
https://conda.anaconda.org/conda-forge/linux-aarch64/sqlite-3.47.0-h578a6b9_1.conda#8d4471877330ce83ef7a2a007cb34851
https://conda.anaconda.org/conda-forge/linux-aarch64/xerces-c-3.2.5-h595f43b_2.conda#d0f7b92f36560299e293569278223e2b
https://conda.anaconda.org/conda-forge/linux-aarch64/xorg-libxext-1.3.6-h57736b2_0.conda#bd1e86dd8aa3afd78a4bfdb4ef918165
https://conda.anaconda.org/conda-forge/linux-aarch64/xorg-libxrender-0.9.11-h57736b2_1.conda#19fb476dc5cdd51b67719a6342fab237
https://conda.anaconda.org/conda-forge/noarch/affine-2.4.0-pyhd8ed1ab_0.conda#ae5f4ad87126c55ba3f690ef07f81d64
https://conda.anaconda.org/conda-forge/noarch/aiohappyeyeballs-2.4.3-pyhd8ed1ab_0.conda#ec763b0a58960558ca0ad7255a51a237
https://conda.anaconda.org/conda-forge/noarch/attrs-24.2.0-pyh71513ae_0.conda#6732fa52eb8e66e5afeb32db8701a791
https://conda.anaconda.org/conda-forge/linux-aarch64/aws-c-auth-0.8.0-hac900a4_10.conda#9ecaef75ebd666dda7caa79154183b02
https://conda.anaconda.org/conda-forge/linux-aarch64/aws-c-mqtt-0.11.0-h28a5e6a_8.conda#5250ce3b5154c0347b7576015a7c6cef
https://conda.anaconda.org/conda-forge/linux-aarch64/brotli-python-1.1.0-py312h6f74592_2.conda#e1e9727063057168d95f27a032acd0a4
https://conda.anaconda.org/conda-forge/linux-aarch64/cairo-1.18.0-hdb1a16f_3.conda#080659f02bf2202c57f1cda4f9e51f21
https://conda.anaconda.org/conda-forge/noarch/certifi-2024.8.30-pyhd8ed1ab_0.conda#12f7d00853807b0531775e9be891cb11
https://conda.anaconda.org/conda-forge/noarch/charset-normalizer-3.4.0-pyhd8ed1ab_0.conda#a374efa97290b8799046df7c5ca17164
https://conda.anaconda.org/conda-forge/noarch/click-8.1.7-unix_pyh707e725_0.conda#f3ad426304898027fc619827ff428eca
https://conda.anaconda.org/conda-forge/noarch/cycler-0.12.1-pyhd8ed1ab_0.conda#5cd86562580f274031ede6aa6aa24441
https://conda.anaconda.org/conda-forge/linux-aarch64/cyrus-sasl-2.1.27-hf6b2984_7.conda#7a85d417c8acd7a5215c082c5b9219e5
https://conda.anaconda.org/conda-forge/linux-aarch64/freexl-2.0.0-h5428426_0.conda#1338ecf4f6072e376e87f3ae6bc34170
https://conda.anaconda.org/conda-forge/linux-aarch64/frozenlist-1.5.0-py312hb2c0f52_0.conda#62fc11b0738ca15e0dd19b60cf280d12
https://conda.anaconda.org/conda-forge/noarch/fsspec-2024.10.0-pyhff2d567_0.conda#816dbc4679a64e4417cd1385d661bb31
https://conda.anaconda.org/conda-forge/noarch/hpack-4.0.0-pyh9f0ad1d_0.tar.bz2#914d6646c4dbb1fd3ff539830a12fd71
https://conda.anaconda.org/conda-forge/noarch/hyperframe-6.0.1-pyhd8ed1ab_0.tar.bz2#9f765cbfab6870c8435b9eefecd7a1f4
https://conda.anaconda.org/conda-forge/noarch/idna-3.10-pyhd8ed1ab_0.conda#7ba2ede0e7c795ff95088daf0dc59753
https://conda.anaconda.org/conda-forge/noarch/jmespath-1.0.1-pyhd8ed1ab_0.tar.bz2#2cfa3e1cf3fb51bb9b17acc5b5e9ea11
https://conda.anaconda.org/conda-forge/linux-aarch64/kiwisolver-1.4.7-py312h88dc405_0.conda#896042bf19518b511dbb460cde81f2e2
https://conda.anaconda.org/conda-forge/linux-aarch64/lcms2-2.16-h922389a_0.conda#ffdd8267a04c515e7ce69c727b051414
https://conda.anaconda.org/conda-forge/linux-aarch64/libarchive-3.7.4-h2c0effa_0.conda#f072f6e4884e984e9d78e1523ecfed32
https://conda.anaconda.org/conda-forge/linux-aarch64/libcblas-3.9.0-25_linuxaarch64_openblas.conda#db6af51123c67814572a8c25542cb368
https://conda.anaconda.org/conda-forge/linux-aarch64/libcurl-8.10.1-h3ec0cbf_0.conda#f43539295c4e0cd15202d41bc72b8a26
https://conda.anaconda.org/conda-forge/linux-aarch64/libgrpc-1.67.1-h36c5df4_0.conda#b946137e362e98a55a77fdf0b20a7739
https://conda.anaconda.org/conda-forge/linux-aarch64/libheif-1.18.2-gpl_h0b63164_100.conda#6d6182aab433fe82815d58dbdcddff60
https://conda.anaconda.org/conda-forge/linux-aarch64/liblapack-3.9.0-25_linuxaarch64_openblas.conda#0eb74e81de46454960bde9e44e7ee378
https://conda.anaconda.org/conda-forge/linux-aarch64/libxslt-1.1.39-h1cc9640_0.conda#13e1d3f9188e85c6d59a98651aced002
https://conda.anaconda.org/conda-forge/linux-aarch64/markupsafe-3.0.2-py312h74ce7d3_0.conda#8992b90e8374193d53118f7651db0b73
https://conda.anaconda.org/conda-forge/linux-aarch64/multidict-6.1.0-py312hcc812fe_1.conda#7629c9ce86495fa01cdfc3ea5418d03f
https://conda.anaconda.org/conda-forge/noarch/munkres-1.1.4-pyh9f0ad1d_0.tar.bz2#2ba8498c1018c1e9c61eb99b973dfe19
https://conda.anaconda.org/conda-forge/noarch/networkx-3.4.2-pyh267e887_2.conda#fd40bf7f7f4bc4b647dc8512053d9873
https://conda.anaconda.org/conda-forge/linux-aarch64/openjpeg-2.5.2-h0d9d63b_0.conda#fd2898519e839d5ceb778343f39a3176
https://conda.anaconda.org/conda-forge/noarch/packaging-24.2-pyhff2d567_1.conda#8508b703977f4c4ada34d657d051972c
https://conda.anaconda.org/conda-forge/linux-aarch64/propcache-0.2.0-py312hb2c0f52_2.conda#8a258196d6f79ad32d3ea4dd4572f721
https://conda.anaconda.org/conda-forge/noarch/pycparser-2.22-pyhd8ed1ab_0.conda#844d9eb3b43095b031874477f7d70088
https://conda.anaconda.org/conda-forge/noarch/pyparsing-3.2.0-pyhd8ed1ab_1.conda#035c17fbf099f50ff60bf2eb303b0a83
https://conda.anaconda.org/conda-forge/noarch/pysocks-1.7.1-pyha2e5f31_6.tar.bz2#2a7de29fb590ca14b5243c4c812c8025
https://conda.anaconda.org/conda-forge/noarch/python-tzdata-2024.2-pyhd8ed1ab_0.conda#986287f89929b2d629bd6ef6497dc307
https://conda.anaconda.org/conda-forge/noarch/pytz-2024.1-pyhd8ed1ab_0.conda#3eeeeb9e4827ace8c0c1419c85d590ad
https://conda.anaconda.org/conda-forge/noarch/setuptools-75.5.0-pyhff2d567_0.conda#ade63405adb52eeff89d506cd55908c0
https://conda.anaconda.org/conda-forge/noarch/six-1.16.0-pyh6c4a22f_0.tar.bz2#e5f25f8dbc060e9a8d912e432202afc2
https://conda.anaconda.org/conda-forge/noarch/threadpoolctl-3.5.0-pyhc1e730c_0.conda#df68d78237980a159bd7149f33c0e8fd
https://conda.anaconda.org/conda-forge/noarch/typing_extensions-4.12.2-pyha770c72_0.conda#ebe6952715e1d5eb567eeebf25250fa7
https://conda.anaconda.org/conda-forge/linux-aarch64/unicodedata2-15.1.0-py312hb2c0f52_1.conda#8af221242377135de97413db7eea49fd
https://conda.anaconda.org/conda-forge/linux-aarch64/wrapt-1.16.0-py312hb2c0f52_1.conda#e30d2b17b3d1bf756ddc0e6d3a4dc79f
https://conda.anaconda.org/conda-forge/noarch/xyzservices-2024.9.0-pyhd8ed1ab_0.conda#156c91e778c1d4d57b709f8c5333fd06
https://conda.anaconda.org/conda-forge/noarch/aioitertools-0.12.0-pyhd8ed1ab_0.conda#222c275312d71dd318108df50d6452a1
https://conda.anaconda.org/conda-forge/noarch/aiosignal-1.3.1-pyhd8ed1ab_0.tar.bz2#d1e1eb7e21a9e2c74279d87dafb68156
https://conda.anaconda.org/conda-forge/linux-aarch64/aws-c-s3-0.7.1-h29aef15_3.conda#bd7d7b664176b5d164d369f12615b75a
https://conda.anaconda.org/conda-forge/linux-aarch64/azure-core-cpp-1.14.0-h1887c18_0.conda#e0c3a906a41be769f0ae20ca3e31cfc0
https://conda.anaconda.org/conda-forge/linux-aarch64/cffi-1.17.1-py312hac81daf_0.conda#1a256e5581b1099e9295cb84d53db3ea
https://conda.anaconda.org/conda-forge/linux-aarch64/cfitsio-4.4.1-h230286d_2.conda#29fd99ae21c417749d990523dbbd3d57
https://conda.anaconda.org/conda-forge/noarch/click-plugins-1.1.1-py_0.tar.bz2#4fd2c6b53934bd7d96d1f3fdaf99b79f
https://conda.anaconda.org/conda-forge/noarch/cligj-0.7.2-pyhd8ed1ab_1.tar.bz2#a29b7c141d6b2de4bb67788a5f107734
https://conda.anaconda.org/conda-forge/linux-aarch64/fonttools-4.55.0-py312hcc812fe_0.conda#5e10aa11562e6391873368bc4f350bdb
https://conda.anaconda.org/conda-forge/noarch/h2-4.1.0-pyhd8ed1ab_0.tar.bz2#b748fbf7060927a6e82df7cb5ee8f097
https://conda.anaconda.org/conda-forge/linux-aarch64/hdf5-1.14.3-nompi_hd1676c9_105.conda#55dd1e8edf52fc44e71cf1c6890032c8
https://conda.anaconda.org/conda-forge/noarch/jinja2-3.1.4-pyhd8ed1ab_0.conda#7b86ecb7d3557821c649b3c31e3eb9f2
https://conda.anaconda.org/conda-forge/noarch/joblib-1.4.2-pyhd8ed1ab_0.conda#25df261d4523d9f9783bcdb7208d872f
https://conda.anaconda.org/conda-forge/linux-aarch64/libgoogle-cloud-2.31.0-h3888205_0.conda#5b3d9a0327c4f7c569162f10acaf6bb4
https://conda.anaconda.org/conda-forge/linux-aarch64/numpy-2.1.3-py312h2eb110b_0.conda#09c72d80ff045b05a4bb3d3089f3e41e
https://conda.anaconda.org/conda-forge/linux-aarch64/openldap-2.6.8-h50f9a67_0.conda#6f6627099ae614fe176e162e6eeae240
https://conda.anaconda.org/conda-forge/linux-aarch64/pillow-11.0.0-py312h5ab5af3_0.conda#1c4bdfe659cfdedd372685ce2494e97b
https://conda.anaconda.org/conda-forge/linux-aarch64/poppler-24.08.0-h5d53d0d_1.conda#0e01a0ac4163951d3fd89622a0d1e79f
https://conda.anaconda.org/conda-forge/linux-aarch64/proj-9.5.0-h07e4b22_0.conda#42ea5e580769291c78c080abe85b4bf7
https://conda.anaconda.org/conda-forge/noarch/python-dateutil-2.9.0.post0-pyhff2d567_0.conda#b6dfd90a2141e573e4b6a81630b56df5
https://conda.anaconda.org/conda-forge/linux-aarch64/yarl-1.17.2-py312hb2c0f52_0.conda#96a074a5adcb189ad15a6c474da1d775
https://conda.anaconda.org/conda-forge/linux-aarch64/aiohttp-3.11.4-py312hcc812fe_1.conda#127378d03b2d49e0dc7c26c392f46a82
https://conda.anaconda.org/conda-forge/linux-aarch64/aws-crt-cpp-0.29.4-h8cc6612_1.conda#494aaf00b4413cdf961abfbdeb5c24e9
https://conda.anaconda.org/conda-forge/linux-aarch64/azure-identity-cpp-1.10.0-h47b0b28_0.conda#94e73a7877743a85c57091d8afab2348
https://conda.anaconda.org/conda-forge/linux-aarch64/azure-storage-common-cpp-12.8.0-h1b94036_1.conda#793b1080ab2d958980f137a8643cd6e8
https://conda.anaconda.org/conda-forge/noarch/branca-0.7.2-pyhd8ed1ab_0.conda#5f1c719f1cac0aee5e6bd6ca7d54a7fa
https://conda.anaconda.org/conda-forge/linux-aarch64/contourpy-1.3.1-py312h451a7dd_0.conda#ba590e4630833739c3eb5fcd5f046d0e
https://conda.anaconda.org/conda-forge/linux-aarch64/geotiff-1.7.3-h17a0a10_3.conda#3a1a66142835725b8f386fc84e6bf791
https://conda.anaconda.org/conda-forge/linux-aarch64/kealib-1.5.3-h8fde926_2.conda#bf18eca141ff623d990be9a71d3060c5
https://conda.anaconda.org/conda-forge/linux-aarch64/libgoogle-cloud-storage-2.31.0-hb9b2b65_0.conda#53897114489b4df10e1680bf189aa306
https://conda.anaconda.org/conda-forge/linux-aarch64/libnetcdf-4.9.2-nompi_h9180261_114.conda#11142bc63a8d949f5f7e1f7c90c08f4a
https://conda.anaconda.org/conda-forge/linux-aarch64/libpq-17.1-h081282e_0.conda#aadc97bccac4e4d77c766b224a811440
https://conda.anaconda.org/conda-forge/linux-aarch64/libspatialite-5.1.0-h08d9e07_11.conda#173a9cf2b71f72e3152ef1560433ab41
https://conda.anaconda.org/conda-forge/linux-aarch64/pandas-2.2.3-py312ha2895bd_1.conda#80b873ac4fdf36641afa0eaafff3a664
https://conda.anaconda.org/conda-forge/linux-aarch64/pyproj-3.7.0-py312h1578444_0.conda#6da900c7f2e933efdbc89e39fd87dc6e
https://conda.anaconda.org/conda-forge/linux-aarch64/scipy-1.14.1-py312hcbff3fa_1.conda#7f7934012e929d4da282cee15a8f754e
https://conda.anaconda.org/conda-forge/linux-aarch64/shapely-2.0.6-py312h737c3e5_2.conda#2f8a70f4fce000f3bb5ba959b2f3eae2
https://conda.anaconda.org/conda-forge/noarch/snuggs-1.4.7-pyhd8ed1ab_1.conda#5abeaa41ec50d4d1421a8bc8fbc93054
https://conda.anaconda.org/conda-forge/linux-aarch64/zstandard-0.23.0-py312hb698573_1.conda#ffcb8e97e62af42075e0e5f46bb9856e
https://conda.anaconda.org/conda-forge/linux-aarch64/aws-sdk-cpp-1.11.449-hf48a0a1_2.conda#e1cd103f7450254f9513244169ea6a1a
https://conda.anaconda.org/conda-forge/linux-aarch64/azure-storage-blobs-cpp-12.13.0-h185ecfd_1.conda#221e1e5ecb2643e113f32b3229d5ba33
https://conda.anaconda.org/conda-forge/noarch/geopandas-base-1.0.1-pyha770c72_1.conda#cad8d8e1583463e7642adc72a76dc3c5
https://conda.anaconda.org/conda-forge/linux-aarch64/libgdal-core-3.10.0-h809dfe7_1.conda#767a6e532b7579d1f841a7b265dd6073
https://conda.anaconda.org/conda-forge/linux-aarch64/matplotlib-base-3.9.2-py312h965bf68_2.conda#420ec31b525f8d8c4b1ae0c81ac2b7ef
https://conda.anaconda.org/conda-forge/linux-aarch64/postgresql-17.1-h64962f9_0.conda#182582715ddb7af0f6fe3fb7a4122f5b
https://conda.anaconda.org/conda-forge/linux-aarch64/scikit-learn-1.5.2-py312h2605d20_1.conda#c2d645c444861135d1016a1c52650052
https://conda.anaconda.org/conda-forge/noarch/urllib3-2.2.3-pyhd8ed1ab_0.conda#6b55867f385dd762ed99ea687af32a69
https://conda.anaconda.org/conda-forge/noarch/xarray-2024.10.0-pyhd8ed1ab_0.conda#53e365732dfa053c4d19fc6b927392c4
https://conda.anaconda.org/conda-forge/noarch/botocore-1.35.36-pyge310_1234567_0.conda#3bd2289a7a4ae56ff449b49069426638
https://conda.anaconda.org/conda-forge/linux-aarch64/gdal-3.10.0-py312h0f70c03_1.conda#e60675cfff8f68e1ddc522ff5cf47a1a
https://conda.anaconda.org/conda-forge/linux-aarch64/libgdal-fits-3.10.0-h69371d2_1.conda#afae27c1d301fff6cf7eb158ceb72401
https://conda.anaconda.org/conda-forge/linux-aarch64/libgdal-grib-3.10.0-h9b137fd_1.conda#16e6f589826de444b1ef77d2dcc062d9
https://conda.anaconda.org/conda-forge/linux-aarch64/libgdal-hdf4-3.10.0-h0ac8af4_1.conda#ba8f233a9c931b18332c5bbe5ff82b8c
https://conda.anaconda.org/conda-forge/linux-aarch64/libgdal-hdf5-3.10.0-h1f8255d_1.conda#794a8989b42416c747d9c4e2614d4ed9
https://conda.anaconda.org/conda-forge/linux-aarch64/libgdal-jp2openjpeg-3.10.0-hdf2ec94_1.conda#dda7a0566936f4361dcb16a87907895d
https://conda.anaconda.org/conda-forge/linux-aarch64/libgdal-pdf-3.10.0-h63f68cd_1.conda#ed2f9032522ffcee6d4bbdd9fa6606f2
https://conda.anaconda.org/conda-forge/linux-aarch64/libgdal-pg-3.10.0-hd650a1c_1.conda#5bc0361ac89d2bd5f3376849a082ed95
https://conda.anaconda.org/conda-forge/linux-aarch64/libgdal-postgisraster-3.10.0-hd650a1c_1.conda#3d6d2ad06d83682bab5c969f5643af2a
https://conda.anaconda.org/conda-forge/linux-aarch64/libgdal-xls-3.10.0-he4b44b3_1.conda#e63203389baeea04acf403ec7654ae27
https://conda.anaconda.org/conda-forge/noarch/mapclassify-2.8.1-pyhd8ed1ab_0.conda#e75920f936efb86f64517d144d610107
https://conda.anaconda.org/conda-forge/linux-aarch64/pyogrio-0.10.0-py312hfe461d8_1.conda#f9787aa5390ed260364404c93de484a1
https://conda.anaconda.org/conda-forge/linux-aarch64/rasterio-1.4.2-py312hc35e749_1.conda#a471827f517dda9f02d88042f0618e4c
https://conda.anaconda.org/conda-forge/noarch/requests-2.32.3-pyhd8ed1ab_0.conda#5ede4753180c7a550a443c430dc8ab52
https://conda.anaconda.org/conda-forge/linux-aarch64/tiledb-2.26.2-hf105265_10.conda#d190a83275cff3b57b2c0a78c7ea7e3b
https://conda.anaconda.org/conda-forge/noarch/aiobotocore-2.15.2-pyhd8ed1ab_0.conda#d37891ef3f5282de913e632c7e9e289d
https://conda.anaconda.org/conda-forge/noarch/folium-0.18.0-pyhd8ed1ab_0.conda#26a1457f3e698dc0c9e656874cc6b623
https://conda.anaconda.org/conda-forge/linux-aarch64/libgdal-kea-3.10.0-h6e39288_1.conda#e08ca60d357b8f2d7a68f51208d25357
https://conda.anaconda.org/conda-forge/linux-aarch64/libgdal-netcdf-3.10.0-h8e2bad1_1.conda#bca42ac819f44af3c682fa46c83f8115
https://conda.anaconda.org/conda-forge/linux-aarch64/libgdal-tiledb-3.10.0-h12f27b8_1.conda#9b605dfd298ce2467d6a608e76f02b17
https://conda.anaconda.org/conda-forge/noarch/rioxarray-0.17.0-pyhd8ed1ab_0.conda#160464c6f979eb68e9a9ea31dd6b5aa6
https://conda.anaconda.org/conda-forge/noarch/s3transfer-0.10.3-pyhd8ed1ab_0.conda#0878f8e10cb8b4e069d27db48b95c3b5
https://conda.anaconda.org/conda-forge/noarch/boto3-1.35.36-pyhd8ed1ab_0.conda#7b26bdcabcaf40040430b63635c6446a
https://conda.anaconda.org/conda-forge/noarch/geopandas-1.0.1-pyhd8ed1ab_1.conda#79a9a8d2fd39ecb4081c0df0c10135dc
https://conda.anaconda.org/conda-forge/linux-aarch64/libgdal-3.10.0-h8af1aa0_1.conda#18579459ab50800fc487d4dee498d9ab
https://conda.anaconda.org/conda-forge/noarch/s3fs-2024.10.0-pyhd8ed1ab_0.conda#18cc1c4f5b104400d75be999b56486a1
https://conda.anaconda.org/conda-forge/linux-aarch64/fiona-1.10.1-py312ha9b1cda_2.conda#7cf2793c74f455182c14382b35be8310
